
Microsoft Visual Studio Solution File, Format Version 12.00
# Visual Studio Version 17
VisualStudioVersion = 17.5.33627.172
MinimumVisualStudioVersion = 10.0.40219.1
Project("{FAE04EC0-301F-11D3-BF4B-00C04F79EFBC}") = "SotNRandomizerLauncher", "SotNRandomizerLauncher\SotNRandomizerLauncher.csproj", "{ED5DE258-D249-4CE0-893B-F83C6E74AFBC}"
EndProject
Global
	GlobalSection(SolutionConfigurationPlatforms) = preSolution
		Debug|Any CPU = Debug|Any CPU
		Release|Any CPU = Release|Any CPU
	EndGlobalSection
	GlobalSection(ProjectConfigurationPlatforms) = postSolution
		{ED5DE258-D249-4CE0-893B-F83C6E74AFBC}.Debug|Any CPU.ActiveCfg = Debug|Any CPU
		{ED5DE258-D249-4CE0-893B-F83C6E74AFBC}.Debug|Any CPU.Build.0 = Debug|Any CPU
		{ED5DE258-D249-4CE0-893B-F83C6E74AFBC}.Release|Any CPU.ActiveCfg = Release|Any CPU
		{ED5DE258-D249-4CE0-893B-F83C6E74AFBC}.Release|Any CPU.Build.0 = Release|Any CPU
	EndGlobalSection
	GlobalSection(SolutionProperties) = preSolution
		HideSolutionNode = FALSE
	EndGlobalSection
	GlobalSection(ExtensibilityGlobals) = postSolution
		SolutionGuid = {69384919-D97B-4305-A0DE-9DF97550C51A}
	EndGlobalSection
EndGlobal
